// !$*UTF8*$!
{
	archiveVersion = 1;
	classes = {
	};
	objectVersion = 50;
	objects = {

/* Begin PBXBuildFile section */
		15242B42217F89090077CE68 /* HomeViewController.swift in Sources */ = {isa = PBXBuildFile; fileRef = 15242B41217F89090077CE68 /* HomeViewController.swift */; };
		15E793FA21715D270097C18B /* AppDelegate.swift in Sources */ = {isa = PBXBuildFile; fileRef = 15E793F921715D270097C18B /* AppDelegate.swift */; };
		15E793FF21715D270097C18B /* Main.storyboard in Resources */ = {isa = PBXBuildFile; fileRef = 15E793FD21715D270097C18B /* Main.storyboard */; };
		15E7940121715D2E0097C18B /* Assets.xcassets in Resources */ = {isa = PBXBuildFile; fileRef = 15E7940021715D2E0097C18B /* Assets.xcassets */; };
		15E7940421715D2E0097C18B /* LaunchScreen.storyboard in Resources */ = {isa = PBXBuildFile; fileRef = 15E7940221715D2E0097C18B /* LaunchScreen.storyboard */; };
		73EA04B3D6D57BD18E723370 /* Pods_TinDog.framework in Frameworks */ = {isa = PBXBuildFile; fileRef = 58C19BDEACFC61C1B11BE358 /* Pods_TinDog.framework */; };
/* End PBXBuildFile section */

/* Begin PBXFileReference section */
		15242B41217F89090077CE68 /* HomeViewController.swift */ = {isa = PBXFileReference; lastKnownFileType = sourcecode.swift; path = HomeViewController.swift; sourceTree = "<group>"; };
		15E793F621715D270097C18B /* TinDog.app */ = {isa = PBXFileReference; explicitFileType = wrapper.application; includeInIndex = 0; path = TinDog.app; sourceTree = BUILT_PRODUCTS_DIR; };
		15E793F921715D270097C18B /* AppDelegate.swift */ = {isa = PBXFileReference; lastKnownFileType = sourcecode.swift; path = AppDelegate.swift; sourceTree = "<group>"; };
		15E793FE21715D270097C18B /* Base */ = {isa = PBXFileReference; lastKnownFileType = file.storyboard; name = Base; path = Base.lproj/Main.storyboard; sourceTree = "<group>"; };
		15E7940021715D2E0097C18B /* Assets.xcassets */ = {isa = PBXFileReference; lastKnownFileType = folder.assetcatalog; path = Assets.xcassets; sourceTree = "<group>"; };
		15E7940321715D2E0097C18B /* Base */ = {isa = PBXFileReference; lastKnownFileType = file.storyboard; name = Base; path = Base.lproj/LaunchScreen.storyboard; sourceTree = "<group>"; };
		15E7940521715D2E0097C18B /* Info.plist */ = {isa = PBXFileReference; lastKnownFileType = text.plist.xml; path = Info.plist; sourceTree = "<group>"; };
		58C19BDEACFC61C1B11BE358 /* Pods_TinDog.framework */ = {isa = PBXFileReference; explicitFileType = wrapper.framework; includeInIndex = 0; path = Pods_TinDog.framework; sourceTree = BUILT_PRODUCTS_DIR; };
		68E3A9140918410BFC0400C1 /* Pods-TinDog.release.xcconfig */ = {isa = PBXFileReference; includeInIndex = 1; lastKnownFileType = text.xcconfig; name = "Pods-TinDog.release.xcconfig"; path = "Pods/Target Support Files/Pods-TinDog/Pods-TinDog.release.xcconfig"; sourceTree = "<group>"; };
		A8F546F51BF722005E1BC9CB /* Pods-TinDog.debug.xcconfig */ = {isa = PBXFileReference; includeInIndex = 1; lastKnownFileType = text.xcconfig; name = "Pods-TinDog.debug.xcconfig"; path = "Pods/Target Support Files/Pods-TinDog/Pods-TinDog.debug.xcconfig"; sourceTree = "<group>"; };
/* End PBXFileReference section */

/* Begin PBXFrameworksBuildPhase section */
		15E793F321715D270097C18B /* Frameworks */ = {
			isa = PBXFrameworksBuildPhase;
			buildActionMask = 2147483647;
			files = (
				73EA04B3D6D57BD18E723370 /* Pods_TinDog.framework in Frameworks */,
			);
			runOnlyForDeploymentPostprocessing = 0;
		};
/* End PBXFrameworksBuildPhase section */

/* Begin PBXGroup section */
		15242B40217F88EB0077CE68 /* Controllers */ = {
			isa = PBXGroup;
			children = (
				15242B41217F89090077CE68 /* HomeViewController.swift */,
			);
			path = Controllers;
			sourceTree = "<group>";
		};
		15E793ED21715D270097C18B = {
			isa = PBXGroup;
			children = (
				15E793F821715D270097C18B /* TinDog */,
				15E793F721715D270097C18B /* Products */,
				55C7F4EBAB09D2AA96F8CE76 /* Pods */,
				3F6A4415804CEB84238F57C3 /* Frameworks */,
			);
			sourceTree = "<group>";
		};
		15E793F721715D270097C18B /* Products */ = {
			isa = PBXGroup;
			children = (
				15E793F621715D270097C18B /* TinDog.app */,
			);
			name = Products;
			sourceTree = "<group>";
		};
		15E793F821715D270097C18B /* TinDog */ = {
			isa = PBXGroup;
			children = (
				15242B40217F88EB0077CE68 /* Controllers */,
				15E793F921715D270097C18B /* AppDelegate.swift */,
				15E793FD21715D270097C18B /* Main.storyboard */,
				15E7940021715D2E0097C18B /* Assets.xcassets */,
				15E7940221715D2E0097C18B /* LaunchScreen.storyboard */,
				15E7940521715D2E0097C18B /* Info.plist */,
			);
			path = TinDog;
			sourceTree = "<group>";
		};
		3F6A4415804CEB84238F57C3 /* Frameworks */ = {
			isa = PBXGroup;
			children = (
				58C19BDEACFC61C1B11BE358 /* Pods_TinDog.framework */,
			);
			name = Frameworks;
			sourceTree = "<group>";
		};
		55C7F4EBAB09D2AA96F8CE76 /* Pods */ = {
			isa = PBXGroup;
			children = (
				A8F546F51BF722005E1BC9CB /* Pods-TinDog.debug.xcconfig */,
				68E3A9140918410BFC0400C1 /* Pods-TinDog.release.xcconfig */,
			);
			name = Pods;
			sourceTree = "<group>";
		};
/* End PBXGroup section */

/* Begin PBXNativeTarget section */
		15E793F521715D270097C18B /* TinDog */ = {
			isa = PBXNativeTarget;
			buildConfigurationList = 15E7940821715D2E0097C18B /* Build configuration list for PBXNativeTarget "TinDog" */;
			buildPhases = (
				8E49106640E36C8B1C6C4819 /* [CP] Check Pods Manifest.lock */,
				15E793F221715D270097C18B /* Sources */,
				15E793F321715D270097C18B /* Frameworks */,
				15E793F421715D270097C18B /* Resources */,
				10E5E4E50334F5B30A61ECD6 /* [CP] Embed Pods Frameworks */,
			);
			buildRules = (
			);
			dependencies = (
			);
			name = TinDog;
			productName = TinDog;
			productReference = 15E793F621715D270097C18B /* TinDog.app */;
			productType = "com.apple.product-type.application";
		};
/* End PBXNativeTarget section */

/* Begin PBXProject section */
		15E793EE21715D270097C18B /* Project object */ = {
			isa = PBXProject;
			attributes = {
				LastSwiftUpdateCheck = 0940;
				LastUpgradeCheck = 0940;
				ORGANIZATIONNAME = DatileraCO;
				TargetAttributes = {
					15E793F521715D270097C18B = {
						CreatedOnToolsVersion = 9.4.1;
					};
				};
			};
			buildConfigurationList = 15E793F121715D270097C18B /* Build configuration list for PBXProject "TinDog" */;
			compatibilityVersion = "Xcode 9.3";
			developmentRegion = en;
			hasScannedForEncodings = 0;
			knownRegions = (
				en,
				Base,
			);
			mainGroup = 15E793ED21715D270097C18B;
			productRefGroup = 15E793F721715D270097C18B /* Products */;
			projectDirPath = "";
			projectRoot = "";
			targets = (
				15E793F521715D270097C18B /* TinDog */,
			);
		};
/* End PBXProject section */

/* Begin PBXResourcesBuildPhase section */
		15E793F421715D270097C18B /* Resources */ = {
			isa = PBXResourcesBuildPhase;
			buildActionMask = 2147483647;
			files = (
				15E7940421715D2E0097C18B /* LaunchScreen.storyboard in Resources */,
				15E7940121715D2E0097C18B /* Assets.xcassets in Resources */,
				15E793FF21715D270097C18B /* Main.storyboard in Resources */,
			);
			runOnlyForDeploymentPostprocessing = 0;
		};
/* End PBXResourcesBuildPhase section */

/* Begin PBXShellScriptBuildPhase section */
		10E5E4E50334F5B30A61ECD6 /* [CP] Embed Pods Frameworks */ = {
			isa = PBXShellScriptBuildPhase;
			buildActionMask = 2147483647;
			files = (
			);
			inputFileListPaths = (
			);
			inputPaths = (
				"${SRCROOT}/Pods/Target Support Files/Pods-TinDog/Pods-TinDog-frameworks.sh",
				"${BUILT_PRODUCTS_DIR}/RevealingSplashView/RevealingSplashView.framework",
			);
			name = "[CP] Embed Pods Frameworks";
			outputFileListPaths = (
			);
			outputPaths = (
				"${TARGET_BUILD_DIR}/${FRAMEWORKS_FOLDER_PATH}/RevealingSplashView.framework",
			);
			runOnlyForDeploymentPostprocessing = 0;
			shellPath = /bin/sh;
			shellScript = "\"${SRCROOT}/Pods/Target Support Files/Pods-TinDog/Pods-TinDog-frameworks.sh\"\n";
			showEnvVarsInLog = 0;
		};
		8E49106640E36C8B1C6C4819 /* [CP] Check Pods Manifest.lock */ = {
			isa = PBXShellScriptBuildPhase;
			buildActionMask = 2147483647;
			files = (
			);
			inputFileListPaths = (
			);
			inputPaths = (
				"${PODS_PODFILE_DIR_PATH}/Podfile.lock",
				"${PODS_ROOT}/Manifest.lock",
			);
			name = "[CP] Check Pods Manifest.lock";
			outputFileListPaths = (
			);
			outputPaths = (
				"$(DERIVED_FILE_DIR)/Pods-TinDog-checkManifestLockResult.txt",
			);
			runOnlyForDeploymentPostprocessing = 0;
			shellPath = /bin/sh;
			shellScript = "diff \"${PODS_PODFILE_DIR_PATH}/Podfile.lock\" \"${PODS_ROOT}/Manifest.lock\" > /dev/null\nif [ $? != 0 ] ; then\n    # print error to STDERR\n    echo \"error: The sandbox is not in sync with the Podfile.lock. Run 'pod install' or update your CocoaPods installation.\" >&2\n    exit 1\nfi\n# This output is used by Xcode 'outputs' to avoid re-running this script phase.\necho \"SUCCESS\" > \"${SCRIPT_OUTPUT_FILE_0}\"\n";
			showEnvVarsInLog = 0;
		};
/* End PBXShellScriptBuildPhase section */

/* Begin PBXSourcesBuildPhase section */
		15E793F221715D270097C18B /* Sources */ = {
			isa = PBXSourcesBuildPhase;
			buildActionMask = 2147483647;
			files = (
				15E793FA21715D270097C18B /* AppDelegate.swift in Sources */,
				15242B42217F89090077CE68 /* HomeViewController.swift in Sources */,
			);
			runOnlyForDeploymentPostprocessing = 0;
		};
/* End PBXSourcesBuildPhase section */

/* Begin PBXVariantGroup section */
		15E793FD21715D270097C18B /* Main.storyboard */ = {
			isa = PBXVariantGroup;
			children = (
				15E793FE21715D270097C18B /* Base */,
			);
			name = Main.storyboard;
			sourceTree = "<group>";
			usesTabs = 0;
		};
		15E7940221715D2E0097C18B /* LaunchScreen.storyboard */ = {
			isa = PBXVariantGroup;
			children = (
				15E7940321715D2E0097C18B /* Base */,
			);
			name = LaunchScreen.storyboard;
			sourceTree = "<group>";
		};
/* End PBXVariantGroup section */

/* Begin XCBuildConfiguration section */
		15E7940621715D2E0097C18B /* Debug */ = {
			isa = XCBuildConfiguration;
			buildSettings = {
				ALWAYS_SEARCH_USER_PATHS = NO;
				CLANG_ANALYZER_NONNULL = YES;
				CLANG_ANALYZER_NUMBER_OBJECT_CONVERSION = YES_AGGRESSIVE;
				CLANG_CXX_LANGUAGE_STANDARD = "gnu++14";
				CLANG_CXX_LIBRARY = "libc++";
				CLANG_ENABLE_MODULES = YES;
				CLANG_ENABLE_OBJC_ARC = YES;
				CLANG_ENABLE_OBJC_WEAK = YES;
				CLANG_WARN_BLOCK_CAPTURE_AUTORELEASING = YES;
				CLANG_WARN_BOOL_CONVERSION = YES;
				CLANG_WARN_COMMA = YES;
				CLANG_WARN_CONSTANT_CONVERSION = YES;
				CLANG_WARN_DEPRECATED_OBJC_IMPLEMENTATIONS = YES;
				CLANG_WARN_DIRECT_OBJC_ISA_USAGE = YES_ERROR;
				CLANG_WARN_DOCUMENTATION_COMMENTS = YES;
				CLANG_WARN_EMPTY_BODY = YES;
				CLANG_WARN_ENUM_CONVERSION = YES;
				CLANG_WARN_INFINITE_RECURSION = YES;
				CLANG_WARN_INT_CONVERSION = YES;
				CLANG_WARN_NON_LITERAL_NULL_CONVERSION = YES;
				CLANG_WARN_OBJC_IMPLICIT_RETAIN_SELF = YES;
				CLANG_WARN_OBJC_LITERAL_CONVERSION = YES;
				CLANG_WARN_OBJC_ROOT_CLASS = YES_ERROR;
				CLANG_WARN_RANGE_LOOP_ANALYSIS = YES;
				CLANG_WARN_STRICT_PROTOTYPES = YES;
				CLANG_WARN_SUSPICIOUS_MOVE = YES;
				CLANG_WARN_UNGUARDED_AVAILABILITY = YES_AGGRESSIVE;
				CLANG_WARN_UNREACHABLE_CODE = YES;
				CLANG_WARN__DUPLICATE_METHOD_MATCH = YES;
				CODE_SIGN_IDENTITY = "iPhone Developer";
				COPY_PHASE_STRIP = NO;
				DEBUG_INFORMATION_FORMAT = dwarf;
				ENABLE_STRICT_OBJC_MSGSEND = YES;
				ENABLE_TESTABILITY = YES;
				GCC_C_LANGUAGE_STANDARD = gnu11;
				GCC_DYNAMIC_NO_PIC = NO;
				GCC_NO_COMMON_BLOCKS = YES;
				GCC_OPTIMIZATION_LEVEL = 0;
				GCC_PREPROCESSOR_DEFINITIONS = (
					"DEBUG=1",
					"$(inherited)",
				);
				GCC_WARN_64_TO_32_BIT_CONVERSION = YES;
				GCC_WARN_ABOUT_RETURN_TYPE = YES_ERROR;
				GCC_WARN_UNDECLARED_SELECTOR = YES;
				GCC_WARN_UNINITIALIZED_AUTOS = YES_AGGRESSIVE;
				GCC_WARN_UNUSED_FUNCTION = YES;
				GCC_WARN_UNUSED_VARIABLE = YES;
				IPHONEOS_DEPLOYMENT_TARGET = 11.4;
				MTL_ENABLE_DEBUG_INFO = YES;
				ONLY_ACTIVE_ARCH = YES;
				SDKROOT = iphoneos;
				SWIFT_ACTIVE_COMPILATION_CONDITIONS = DEBUG;
				SWIFT_OPTIMIZATION_LEVEL = "-Onone";
			};
			name = Debug;
		};
		15E7940721715D2E0097C18B /* Release */ = {
			isa = XCBuildConfiguration;
			buildSettings = {
				ALWAYS_SEARCH_USER_PATHS = NO;
				CLANG_ANALYZER_NONNULL = YES;
				CLANG_ANALYZER_NUMBER_OBJECT_CONVERSION = YES_AGGRESSIVE;
				CLANG_CXX_LANGUAGE_STANDARD = "gnu++14";
				CLANG_CXX_LIBRARY = "libc++";
				CLANG_ENABLE_MODULES = YES;
				CLANG_ENABLE_OBJC_ARC = YES;
				CLANG_ENABLE_OBJC_WEAK = YES;
				CLANG_WARN_BLOCK_CAPTURE_AUTORELEASING = YES;
				CLANG_WARN_BOOL_CONVERSION = YES;
				CLANG_WARN_COMMA = YES;
				CLANG_WARN_CONSTANT_CONVERSION = YES;
				CLANG_WARN_DEPRECATED_OBJC_IMPLEMENTATIONS = YES;
				CLANG_WARN_DIRECT_OBJC_ISA_USAGE = YES_ERROR;
				CLANG_WARN_DOCUMENTATION_COMMENTS = YES;
				CLANG_WARN_EMPTY_BODY = YES;
				CLANG_WARN_ENUM_CONVERSION = YES;
				CLANG_WARN_INFINITE_RECURSION = YES;
				CLANG_WARN_INT_CONVERSION = YES;
				CLANG_WARN_NON_LITERAL_NULL_CONVERSION = YES;
				CLANG_WARN_OBJC_IMPLICIT_RETAIN_SELF = YES;
				CLANG_WARN_OBJC_LITERAL_CONVERSION = YES;
				CLANG_WARN_OBJC_ROOT_CLASS = YES_ERROR;
				CLANG_WARN_RANGE_LOOP_ANALYSIS = YES;
				CLANG_WARN_STRICT_PROTOTYPES = YES;
				CLANG_WARN_SUSPICIOUS_MOVE = YES;
				CLANG_WARN_UNGUARDED_AVAILABILITY = YES_AGGRESSIVE;
				CLANG_WARN_UNREACHABLE_CODE = YES;
				CLANG_WARN__DUPLICATE_METHOD_MATCH = YES;
				CODE_SIGN_IDENTITY = "iPhone Developer";
				COPY_PHASE_STRIP = NO;
				DEBUG_INFORMATION_FORMAT = "dwarf-with-dsym";
				ENABLE_NS_ASSERTIONS = NO;
				ENABLE_STRICT_OBJC_MSGSEND = YES;
				GCC_C_LANGUAGE_STANDARD = gnu11;
				GCC_NO_COMMON_BLOCKS = YES;
				GCC_WARN_64_TO_32_BIT_CONVERSION = YES;
				GCC_WARN_ABOUT_RETURN_TYPE = YES_ERROR;
				GCC_WARN_UNDECLARED_SELECTOR = YES;
				GCC_WARN_UNINITIALIZED_AUTOS = YES_AGGRESSIVE;
				GCC_WARN_UNUSED_FUNCTION = YES;
				GCC_WARN_UNUSED_VARIABLE = YES;
				IPHONEOS_DEPLOYMENT_TARGET = 11.4;
				MTL_ENABLE_DEBUG_INFO = NO;
				SDKROOT = iphoneos;
				SWIFT_COMPILATION_MODE = wholemodule;
				SWIFT_OPTIMIZATION_LEVEL = "-O";
				VALIDATE_PRODUCT = YES;
			};
			name = Release;
		};
		15E7940921715D2E0097C18B /* Debug */ = {
			isa = XCBuildConfiguration;
			baseConfigurationReference = A8F546F51BF722005E1BC9CB /* Pods-TinDog.debug.xcconfig */;
			buildSettings = {
				ASSETCATALOG_COMPILER_APPICON_NAME = AppIcon;
				CODE_SIGN_STYLE = Automatic;
				INFOPLIST_FILE = TinDog/Info.plist;
				LD_RUNPATH_SEARCH_PATHS = (
					"$(inherited)",
					"@executable_path/Frameworks",
				);
				PRODUCT_BUNDLE_IDENTIFIER = co.datilera.tindog.TinDog;
				PRODUCT_NAME = "$(TARGET_NAME)";
				SWIFT_VERSION = 4.0;
				TARGETED_DEVICE_FAMILY = 1;
			};
			name = Debug;
		};
		15E7940A21715D2E0097C18B /* Release */ = {
			isa = XCBuildConfiguration;
			baseConfigurationReference = 68E3A9140918410BFC0400C1 /* Pods-TinDog.release.xcconfig */;
			buildSettings = {
				ASSETCATALOG_COMPILER_APPICON_NAME = AppIcon;
				CODE_SIGN_STYLE = Automatic;
				INFOPLIST_FILE = TinDog/Info.plist;
				LD_RUNPATH_SEARCH_PATHS = (
					"$(inherited)",
					"@executable_path/Frameworks",
				);
				PRODUCT_BUNDLE_IDENTIFIER = co.datilera.tindog.TinDog;
				PRODUCT_NAME = "$(TARGET_NAME)";
				SWIFT_VERSION = 4.0;
				TARGETED_DEVICE_FAMILY = 1;
			};
			name = Release;
		};
/* End XCBuildConfiguration section */

/* Begin XCConfigurationList section */
		15E793F121715D270097C18B /* Build configuration list for PBXProject "TinDog" */ = {
			isa = XCConfigurationList;
			buildConfigurations = (
				15E7940621715D2E0097C18B /* Debug */,
				15E7940721715D2E0097C18B /* Release */,
			);
			defaultConfigurationIsVisible = 0;
			defaultConfigurationName = Release;
		};
		15E7940821715D2E0097C18B /* Build configuration list for PBXNativeTarget "TinDog" */ = {
			isa = XCConfigurationList;
			buildConfigurations = (
				15E7940921715D2E0097C18B /* Debug */,
				15E7940A21715D2E0097C18B /* Release */,
			);
			defaultConfigurationIsVisible = 0;
			defaultConfigurationName = Release;
		};
/* End XCConfigurationList section */
	};
	rootObject = 15E793EE21715D270097C18B /* Project object */;
}
